
Microsoft Visual Studio Solution File, Format Version 12.00
# Visual Studio Version 16
VisualStudioVersion = 16.0.30804.86
MinimumVisualStudioVersion = 10.0.40219.1
Project("{9A19103F-16F7-4668-BE54-9A1E7A4F7556}") = "ToDoListAPI", "ToDoListAPI\ToDoListAPI.csproj", "{769340D4-370A-408C-AB7D-CBF386754E0F}"
EndProject
Project("{9A19103F-16F7-4668-BE54-9A1E7A4F7556}") = "ToDoList.Contracts", "ToDoList.Contracts\ToDoList.Contracts.csproj", "{908EC470-246D-4433-B75B-3CDB0368EE4C}"
EndProject
Project("{9A19103F-16F7-4668-BE54-9A1E7A4F7556}") = "ToDoList.SqlRepositories", "ToDoList.SqlRepositories\ToDoList.SqlRepositories.csproj", "{189611D0-DAA5-4336-8B10-5604B312C535}"
EndProject
Global
	GlobalSection(SolutionConfigurationPlatforms) = preSolution
		Debug|Any CPU = Debug|Any CPU
		Release|Any CPU = Release|Any CPU
	EndGlobalSection
	GlobalSection(ProjectConfigurationPlatforms) = postSolution
		{769340D4-370A-408C-AB7D-CBF386754E0F}.Debug|Any CPU.ActiveCfg = Debug|Any CPU
		{769340D4-370A-408C-AB7D-CBF386754E0F}.Debug|Any CPU.Build.0 = Debug|Any CPU
		{769340D4-370A-408C-AB7D-CBF386754E0F}.Release|Any CPU.ActiveCfg = Release|Any CPU
		{769340D4-370A-408C-AB7D-CBF386754E0F}.Release|Any CPU.Build.0 = Release|Any CPU
		{908EC470-246D-4433-B75B-3CDB0368EE4C}.Debug|Any CPU.ActiveCfg = Debug|Any CPU
		{908EC470-246D-4433-B75B-3CDB0368EE4C}.Debug|Any CPU.Build.0 = Debug|Any CPU
		{908EC470-246D-4433-B75B-3CDB0368EE4C}.Release|Any CPU.ActiveCfg = Release|Any CPU
		{908EC470-246D-4433-B75B-3CDB0368EE4C}.Release|Any CPU.Build.0 = Release|Any CPU
		{189611D0-DAA5-4336-8B10-5604B312C535}.Debug|Any CPU.ActiveCfg = Debug|Any CPU
		{189611D0-DAA5-4336-8B10-5604B312C535}.Debug|Any CPU.Build.0 = Debug|Any CPU
		{189611D0-DAA5-4336-8B10-5604B312C535}.Release|Any CPU.ActiveCfg = Release|Any CPU
		{189611D0-DAA5-4336-8B10-5604B312C535}.Release|Any CPU.Build.0 = Release|Any CPU
	EndGlobalSection
	GlobalSection(SolutionProperties) = preSolution
		HideSolutionNode = FALSE
	EndGlobalSection
	GlobalSection(ExtensibilityGlobals) = postSolution
		SolutionGuid = {877DBFB9-080D-40CD-A5CF-34BB2C16B31B}
	EndGlobalSection
EndGlobal
